
Microsoft Visual Studio Solution File, Format Version 12.00
# Visual Studio Version 17
VisualStudioVersion = 17.7.34221.43
MinimumVisualStudioVersion = 10.0.40219.1
Project("{FAE04EC0-301F-11D3-BF4B-00C04F79EFBC}") = "Principio_DeSegregaciónDeInterfaces", "Principio_DeSegregaciónDeInterfaces.csproj", "{32436EF9-8104-408C-8EE8-4F53D11384D2}"
EndProject
Global
	GlobalSection(SolutionConfigurationPlatforms) = preSolution
		Debug|Any CPU = Debug|Any CPU
		Release|Any CPU = Release|Any CPU
	EndGlobalSection
	GlobalSection(ProjectConfigurationPlatforms) = postSolution
		{32436EF9-8104-408C-8EE8-4F53D11384D2}.Debug|Any CPU.ActiveCfg = Debug|Any CPU
		{32436EF9-8104-408C-8EE8-4F53D11384D2}.Debug|Any CPU.Build.0 = Debug|Any CPU
		{32436EF9-8104-408C-8EE8-4F53D11384D2}.Release|Any CPU.ActiveCfg = Release|Any CPU
		{32436EF9-8104-408C-8EE8-4F53D11384D2}.Release|Any CPU.Build.0 = Release|Any CPU
	EndGlobalSection
	GlobalSection(SolutionProperties) = preSolution
		HideSolutionNode = FALSE
	EndGlobalSection
	GlobalSection(ExtensibilityGlobals) = postSolution
		SolutionGuid = {67EEAB4A-07A4-4754-B6F5-DDB114D622BF}
	EndGlobalSection
EndGlobal
