
Microsoft Visual Studio Solution File, Format Version 12.00
# Visual Studio Version 17
VisualStudioVersion = 17.7.34221.43
MinimumVisualStudioVersion = 10.0.40219.1
Project("{FAE04EC0-301F-11D3-BF4B-00C04F79EFBC}") = "Principio_InversionDeDependencia", "Principio_InversionDeDependencia.csproj", "{6051BA93-976C-4431-90CD-48D435CE7C50}"
EndProject
Global
	GlobalSection(SolutionConfigurationPlatforms) = preSolution
		Debug|Any CPU = Debug|Any CPU
		Release|Any CPU = Release|Any CPU
	EndGlobalSection
	GlobalSection(ProjectConfigurationPlatforms) = postSolution
		{6051BA93-976C-4431-90CD-48D435CE7C50}.Debug|Any CPU.ActiveCfg = Debug|Any CPU
		{6051BA93-976C-4431-90CD-48D435CE7C50}.Debug|Any CPU.Build.0 = Debug|Any CPU
		{6051BA93-976C-4431-90CD-48D435CE7C50}.Release|Any CPU.ActiveCfg = Release|Any CPU
		{6051BA93-976C-4431-90CD-48D435CE7C50}.Release|Any CPU.Build.0 = Release|Any CPU
	EndGlobalSection
	GlobalSection(SolutionProperties) = preSolution
		HideSolutionNode = FALSE
	EndGlobalSection
	GlobalSection(ExtensibilityGlobals) = postSolution
		SolutionGuid = {A313261D-72CC-4C1F-956F-B157F48A08B7}
	EndGlobalSection
EndGlobal
